
Microsoft Visual Studio Solution File, Format Version 12.00
# Visual Studio Version 17
VisualStudioVersion = 17.14.36603.0 d17.14
MinimumVisualStudioVersion = 10.0.40219.1
Project("{FAE04EC0-301F-11D3-BF4B-00C04F79EFBC}") = "DataAccess", "DataAccess\DataAccess.csproj", "{0F64DAC1-8FDC-46F6-8D08-0A4A54BDDEEA}"
EndProject
Project("{FAE04EC0-301F-11D3-BF4B-00C04F79EFBC}") = "Domain", "Domain\Domain.csproj", "{B02017CD-DA2C-4B93-BD47-16C60DBD224A}"
EndProject
Project("{FAE04EC0-301F-11D3-BF4B-00C04F79EFBC}") = "Presentation", "Presentation\Presentation.csproj", "{A2EC61DB-CA21-4477-8942-8C1D89BC36B2}"
EndProject
Global
	GlobalSection(SolutionConfigurationPlatforms) = preSolution
		Debug|Any CPU = Debug|Any CPU
		Release|Any CPU = Release|Any CPU
	EndGlobalSection
	GlobalSection(ProjectConfigurationPlatforms) = postSolution
		{0F64DAC1-8FDC-46F6-8D08-0A4A54BDDEEA}.Debug|Any CPU.ActiveCfg = Debug|Any CPU
		{0F64DAC1-8FDC-46F6-8D08-0A4A54BDDEEA}.Debug|Any CPU.Build.0 = Debug|Any CPU
		{0F64DAC1-8FDC-46F6-8D08-0A4A54BDDEEA}.Release|Any CPU.ActiveCfg = Release|Any CPU
		{0F64DAC1-8FDC-46F6-8D08-0A4A54BDDEEA}.Release|Any CPU.Build.0 = Release|Any CPU
		{B02017CD-DA2C-4B93-BD47-16C60DBD224A}.Debug|Any CPU.ActiveCfg = Debug|Any CPU
		{B02017CD-DA2C-4B93-BD47-16C60DBD224A}.Debug|Any CPU.Build.0 = Debug|Any CPU
		{B02017CD-DA2C-4B93-BD47-16C60DBD224A}.Release|Any CPU.ActiveCfg = Release|Any CPU
		{B02017CD-DA2C-4B93-BD47-16C60DBD224A}.Release|Any CPU.Build.0 = Release|Any CPU
		{A2EC61DB-CA21-4477-8942-8C1D89BC36B2}.Debug|Any CPU.ActiveCfg = Debug|Any CPU
		{A2EC61DB-CA21-4477-8942-8C1D89BC36B2}.Debug|Any CPU.Build.0 = Debug|Any CPU
		{A2EC61DB-CA21-4477-8942-8C1D89BC36B2}.Release|Any CPU.ActiveCfg = Release|Any CPU
		{A2EC61DB-CA21-4477-8942-8C1D89BC36B2}.Release|Any CPU.Build.0 = Release|Any CPU
	EndGlobalSection
	GlobalSection(SolutionProperties) = preSolution
		HideSolutionNode = FALSE
	EndGlobalSection
	GlobalSection(ExtensibilityGlobals) = postSolution
		SolutionGuid = {E94AD869-C228-45D0-86CC-1AE1A49738B6}
	EndGlobalSection
EndGlobal
